
Microsoft Visual Studio Solution File, Format Version 12.00
# Visual Studio Version 17
VisualStudioVersion = 17.5.33516.290
MinimumVisualStudioVersion = 10.0.40219.1
Project("{9A19103F-16F7-4668-BE54-9A1E7A4F7556}") = "Exercicio Formas Geometricas 05", "Exercicio 05\Exercicio Formas Geometricas 05.csproj", "{40354EDB-857F-4FA6-B979-BF88B3C05543}"
EndProject
Project("{9A19103F-16F7-4668-BE54-9A1E7A4F7556}") = "Exercicio impressora 06", "Exercicio 06\Exercicio impressora 06.csproj", "{E5A61575-D52E-46ED-9A38-5DB6A07F24F1}"
EndProject
Project("{9A19103F-16F7-4668-BE54-9A1E7A4F7556}") = "Exercicio FIcha de Emprego 07", "Exercicio 07\Exercicio FIcha de Emprego 07.csproj", "{F40335EF-CE10-486B-921B-B19A86020A21}"
EndProject
Project("{9A19103F-16F7-4668-BE54-9A1E7A4F7556}") = "Exercicio Funcionario 08", "Exercicio 08\Exercicio Funcionario 08.csproj", "{EE652ABA-3DE8-4903-9BCD-B9EB6D73305D}"
EndProject
Project("{FAE04EC0-301F-11D3-BF4B-00C04F79EFBC}") = "Exercicio Biblioteca 09", "Exercicio 09\Exercicio Biblioteca 09.csproj", "{6B8EF8EA-5BFA-4193-B502-0BE5754641EF}"
EndProject
Global
	GlobalSection(SolutionConfigurationPlatforms) = preSolution
		Debug|Any CPU = Debug|Any CPU
		Release|Any CPU = Release|Any CPU
	EndGlobalSection
	GlobalSection(ProjectConfigurationPlatforms) = postSolution
		{40354EDB-857F-4FA6-B979-BF88B3C05543}.Debug|Any CPU.ActiveCfg = Debug|Any CPU
		{40354EDB-857F-4FA6-B979-BF88B3C05543}.Debug|Any CPU.Build.0 = Debug|Any CPU
		{40354EDB-857F-4FA6-B979-BF88B3C05543}.Release|Any CPU.ActiveCfg = Release|Any CPU
		{40354EDB-857F-4FA6-B979-BF88B3C05543}.Release|Any CPU.Build.0 = Release|Any CPU
		{E5A61575-D52E-46ED-9A38-5DB6A07F24F1}.Debug|Any CPU.ActiveCfg = Debug|Any CPU
		{E5A61575-D52E-46ED-9A38-5DB6A07F24F1}.Debug|Any CPU.Build.0 = Debug|Any CPU
		{E5A61575-D52E-46ED-9A38-5DB6A07F24F1}.Release|Any CPU.ActiveCfg = Release|Any CPU
		{E5A61575-D52E-46ED-9A38-5DB6A07F24F1}.Release|Any CPU.Build.0 = Release|Any CPU
		{F40335EF-CE10-486B-921B-B19A86020A21}.Debug|Any CPU.ActiveCfg = Debug|Any CPU
		{F40335EF-CE10-486B-921B-B19A86020A21}.Debug|Any CPU.Build.0 = Debug|Any CPU
		{F40335EF-CE10-486B-921B-B19A86020A21}.Release|Any CPU.ActiveCfg = Release|Any CPU
		{F40335EF-CE10-486B-921B-B19A86020A21}.Release|Any CPU.Build.0 = Release|Any CPU
		{EE652ABA-3DE8-4903-9BCD-B9EB6D73305D}.Debug|Any CPU.ActiveCfg = Debug|Any CPU
		{EE652ABA-3DE8-4903-9BCD-B9EB6D73305D}.Debug|Any CPU.Build.0 = Debug|Any CPU
		{EE652ABA-3DE8-4903-9BCD-B9EB6D73305D}.Release|Any CPU.ActiveCfg = Release|Any CPU
		{EE652ABA-3DE8-4903-9BCD-B9EB6D73305D}.Release|Any CPU.Build.0 = Release|Any CPU
		{6B8EF8EA-5BFA-4193-B502-0BE5754641EF}.Debug|Any CPU.ActiveCfg = Debug|Any CPU
		{6B8EF8EA-5BFA-4193-B502-0BE5754641EF}.Debug|Any CPU.Build.0 = Debug|Any CPU
		{6B8EF8EA-5BFA-4193-B502-0BE5754641EF}.Release|Any CPU.ActiveCfg = Release|Any CPU
		{6B8EF8EA-5BFA-4193-B502-0BE5754641EF}.Release|Any CPU.Build.0 = Release|Any CPU
	EndGlobalSection
	GlobalSection(SolutionProperties) = preSolution
		HideSolutionNode = FALSE
	EndGlobalSection
	GlobalSection(ExtensibilityGlobals) = postSolution
		SolutionGuid = {7D978A79-95CD-441B-B0DF-A186CD968393}
	EndGlobalSection
EndGlobal
